
Microsoft Visual Studio Solution File, Format Version 12.00
# Visual Studio Version 17
VisualStudioVersion = 17.7.34031.279
MinimumVisualStudioVersion = 10.0.40219.1
Project("{FAE04EC0-301F-11D3-BF4B-00C04F79EFBC}") = "ClinicalCoordinationApplication", "ClinicalCoordinationApplication.csproj", "{749D8995-8A82-45D3-8E8E-8C7AD1FD30DE}"
EndProject
Global
	GlobalSection(SolutionConfigurationPlatforms) = preSolution
		Debug|Any CPU = Debug|Any CPU
		Release|Any CPU = Release|Any CPU
	EndGlobalSection
	GlobalSection(ProjectConfigurationPlatforms) = postSolution
		{749D8995-8A82-45D3-8E8E-8C7AD1FD30DE}.Debug|Any CPU.ActiveCfg = Debug|Any CPU
		{749D8995-8A82-45D3-8E8E-8C7AD1FD30DE}.Debug|Any CPU.Build.0 = Debug|Any CPU
		{749D8995-8A82-45D3-8E8E-8C7AD1FD30DE}.Debug|Any CPU.Deploy.0 = Debug|Any CPU
		{749D8995-8A82-45D3-8E8E-8C7AD1FD30DE}.Release|Any CPU.ActiveCfg = Release|Any CPU
		{749D8995-8A82-45D3-8E8E-8C7AD1FD30DE}.Release|Any CPU.Build.0 = Release|Any CPU
		{749D8995-8A82-45D3-8E8E-8C7AD1FD30DE}.Release|Any CPU.Deploy.0 = Release|Any CPU
	EndGlobalSection
	GlobalSection(SolutionProperties) = preSolution
		HideSolutionNode = FALSE
	EndGlobalSection
	GlobalSection(ExtensibilityGlobals) = postSolution
		SolutionGuid = {C279AAC6-1352-4CE7-8E7A-0AC7B0553173}
	EndGlobalSection
EndGlobal
